
Microsoft Visual Studio Solution File, Format Version 12.00
# Visual Studio Version 17
VisualStudioVersion = 17.12.35707.178
MinimumVisualStudioVersion = 10.0.40219.1
Project("{8BC9CEB8-8B4A-11D0-8D11-00A0C91BC942}") = "Hello World", "Hello World\Hello World.vcxproj", "{074DDDDD-105B-4652-A41F-F3EC9F120F56}"
EndProject
Project("{8BC9CEB8-8B4A-11D0-8D11-00A0C91BC942}") = "DataTypes", "DataTypes\DataTypes.vcxproj", "{EBB91143-8FA7-43BC-991D-D5E16623A84C}"
EndProject
Project("{8BC9CEB8-8B4A-11D0-8D11-00A0C91BC942}") = "UserDataTypes", "UserDataTypes\UserDataTypes.vcxproj", "{53989BB8-47F4-4BB4-AAE2-E8AC2D27CE81}"
EndProject
Project("{8BC9CEB8-8B4A-11D0-8D11-00A0C91BC942}") = "JavaToC++", "JavaToC++\JavaToC++.vcxproj", "{5C5C6140-3402-466A-9A5B-30C65F18EA0C}"
EndProject
Project("{8BC9CEB8-8B4A-11D0-8D11-00A0C91BC942}") = "Containers", "Containers\Containers.vcxproj", "{6BAC98C8-38EE-4EC0-9A84-D8CC18668794}"
EndProject
Project("{8BC9CEB8-8B4A-11D0-8D11-00A0C91BC942}") = "Pointers", "Pointers\Pointers.vcxproj", "{1D578277-343D-4804-9916-6F7172CA85A9}"
EndProject
Project("{8BC9CEB8-8B4A-11D0-8D11-00A0C91BC942}") = "MemoryReview", "MemoryReview\MemoryReview.vcxproj", "{022283BF-09D5-4253-B530-8F1B2C7BA947}"
EndProject
Project("{8BC9CEB8-8B4A-11D0-8D11-00A0C91BC942}") = "OOP", "OOP\OOP.vcxproj", "{8BE529D0-14DA-4E64-9F14-BE847CC61E4F}"
EndProject
Project("{8BC9CEB8-8B4A-11D0-8D11-00A0C91BC942}") = "Fail", "Fail\Fail.vcxproj", "{A2E38806-E54A-4B7C-9182-ED8A6C70653B}"
EndProject
Project("{8BC9CEB8-8B4A-11D0-8D11-00A0C91BC942}") = "SmartPointers", "SmartPointers\SmartPointers.vcxproj", "{ADC56D69-0A34-4AD7-BE50-7A457DF7AA20}"
EndProject
Project("{8BC9CEB8-8B4A-11D0-8D11-00A0C91BC942}") = "Misc", "Misc\Misc.vcxproj", "{11728B1D-7B76-49E3-AA40-E9DB4E9522F1}"
EndProject
Project("{8BC9CEB8-8B4A-11D0-8D11-00A0C91BC942}") = "Fractions", "Fractions\Fractions.vcxproj", "{418BD14C-6544-4E2C-BFF7-35F5432E1216}"
EndProject
Global
	GlobalSection(SolutionConfigurationPlatforms) = preSolution
		Debug|x64 = Debug|x64
		Debug|x86 = Debug|x86
		Release|x64 = Release|x64
		Release|x86 = Release|x86
	EndGlobalSection
	GlobalSection(ProjectConfigurationPlatforms) = postSolution
		{074DDDDD-105B-4652-A41F-F3EC9F120F56}.Debug|x64.ActiveCfg = Debug|x64
		{074DDDDD-105B-4652-A41F-F3EC9F120F56}.Debug|x64.Build.0 = Debug|x64
		{074DDDDD-105B-4652-A41F-F3EC9F120F56}.Debug|x86.ActiveCfg = Debug|Win32
		{074DDDDD-105B-4652-A41F-F3EC9F120F56}.Debug|x86.Build.0 = Debug|Win32
		{074DDDDD-105B-4652-A41F-F3EC9F120F56}.Release|x64.ActiveCfg = Release|x64
		{074DDDDD-105B-4652-A41F-F3EC9F120F56}.Release|x64.Build.0 = Release|x64
		{074DDDDD-105B-4652-A41F-F3EC9F120F56}.Release|x86.ActiveCfg = Release|Win32
		{074DDDDD-105B-4652-A41F-F3EC9F120F56}.Release|x86.Build.0 = Release|Win32
		{EBB91143-8FA7-43BC-991D-D5E16623A84C}.Debug|x64.ActiveCfg = Debug|x64
		{EBB91143-8FA7-43BC-991D-D5E16623A84C}.Debug|x64.Build.0 = Debug|x64
		{EBB91143-8FA7-43BC-991D-D5E16623A84C}.Debug|x86.ActiveCfg = Debug|Win32
		{EBB91143-8FA7-43BC-991D-D5E16623A84C}.Debug|x86.Build.0 = Debug|Win32
		{EBB91143-8FA7-43BC-991D-D5E16623A84C}.Release|x64.ActiveCfg = Release|x64
		{EBB91143-8FA7-43BC-991D-D5E16623A84C}.Release|x64.Build.0 = Release|x64
		{EBB91143-8FA7-43BC-991D-D5E16623A84C}.Release|x86.ActiveCfg = Release|Win32
		{EBB91143-8FA7-43BC-991D-D5E16623A84C}.Release|x86.Build.0 = Release|Win32
		{53989BB8-47F4-4BB4-AAE2-E8AC2D27CE81}.Debug|x64.ActiveCfg = Debug|x64
		{53989BB8-47F4-4BB4-AAE2-E8AC2D27CE81}.Debug|x64.Build.0 = Debug|x64
		{53989BB8-47F4-4BB4-AAE2-E8AC2D27CE81}.Debug|x86.ActiveCfg = Debug|Win32
		{53989BB8-47F4-4BB4-AAE2-E8AC2D27CE81}.Debug|x86.Build.0 = Debug|Win32
		{53989BB8-47F4-4BB4-AAE2-E8AC2D27CE81}.Release|x64.ActiveCfg = Release|x64
		{53989BB8-47F4-4BB4-AAE2-E8AC2D27CE81}.Release|x64.Build.0 = Release|x64
		{53989BB8-47F4-4BB4-AAE2-E8AC2D27CE81}.Release|x86.ActiveCfg = Release|Win32
		{53989BB8-47F4-4BB4-AAE2-E8AC2D27CE81}.Release|x86.Build.0 = Release|Win32
		{5C5C6140-3402-466A-9A5B-30C65F18EA0C}.Debug|x64.ActiveCfg = Debug|x64
		{5C5C6140-3402-466A-9A5B-30C65F18EA0C}.Debug|x64.Build.0 = Debug|x64
		{5C5C6140-3402-466A-9A5B-30C65F18EA0C}.Debug|x86.ActiveCfg = Debug|Win32
		{5C5C6140-3402-466A-9A5B-30C65F18EA0C}.Debug|x86.Build.0 = Debug|Win32
		{5C5C6140-3402-466A-9A5B-30C65F18EA0C}.Release|x64.ActiveCfg = Release|x64
		{5C5C6140-3402-466A-9A5B-30C65F18EA0C}.Release|x64.Build.0 = Release|x64
		{5C5C6140-3402-466A-9A5B-30C65F18EA0C}.Release|x86.ActiveCfg = Release|Win32
		{5C5C6140-3402-466A-9A5B-30C65F18EA0C}.Release|x86.Build.0 = Release|Win32
		{6BAC98C8-38EE-4EC0-9A84-D8CC18668794}.Debug|x64.ActiveCfg = Debug|x64
		{6BAC98C8-38EE-4EC0-9A84-D8CC18668794}.Debug|x64.Build.0 = Debug|x64
		{6BAC98C8-38EE-4EC0-9A84-D8CC18668794}.Debug|x86.ActiveCfg = Debug|Win32
		{6BAC98C8-38EE-4EC0-9A84-D8CC18668794}.Debug|x86.Build.0 = Debug|Win32
		{6BAC98C8-38EE-4EC0-9A84-D8CC18668794}.Release|x64.ActiveCfg = Release|x64
		{6BAC98C8-38EE-4EC0-9A84-D8CC18668794}.Release|x64.Build.0 = Release|x64
		{6BAC98C8-38EE-4EC0-9A84-D8CC18668794}.Release|x86.ActiveCfg = Release|Win32
		{6BAC98C8-38EE-4EC0-9A84-D8CC18668794}.Release|x86.Build.0 = Release|Win32
		{1D578277-343D-4804-9916-6F7172CA85A9}.Debug|x64.ActiveCfg = Debug|x64
		{1D578277-343D-4804-9916-6F7172CA85A9}.Debug|x64.Build.0 = Debug|x64
		{1D578277-343D-4804-9916-6F7172CA85A9}.Debug|x86.ActiveCfg = Debug|Win32
		{1D578277-343D-4804-9916-6F7172CA85A9}.Debug|x86.Build.0 = Debug|Win32
		{1D578277-343D-4804-9916-6F7172CA85A9}.Release|x64.ActiveCfg = Release|x64
		{1D578277-343D-4804-9916-6F7172CA85A9}.Release|x64.Build.0 = Release|x64
		{1D578277-343D-4804-9916-6F7172CA85A9}.Release|x86.ActiveCfg = Release|Win32
		{1D578277-343D-4804-9916-6F7172CA85A9}.Release|x86.Build.0 = Release|Win32
		{022283BF-09D5-4253-B530-8F1B2C7BA947}.Debug|x64.ActiveCfg = Debug|x64
		{022283BF-09D5-4253-B530-8F1B2C7BA947}.Debug|x64.Build.0 = Debug|x64
		{022283BF-09D5-4253-B530-8F1B2C7BA947}.Debug|x86.ActiveCfg = Debug|Win32
		{022283BF-09D5-4253-B530-8F1B2C7BA947}.Debug|x86.Build.0 = Debug|Win32
		{022283BF-09D5-4253-B530-8F1B2C7BA947}.Release|x64.ActiveCfg = Release|x64
		{022283BF-09D5-4253-B530-8F1B2C7BA947}.Release|x64.Build.0 = Release|x64
		{022283BF-09D5-4253-B530-8F1B2C7BA947}.Release|x86.ActiveCfg = Release|Win32
		{022283BF-09D5-4253-B530-8F1B2C7BA947}.Release|x86.Build.0 = Release|Win32
		{8BE529D0-14DA-4E64-9F14-BE847CC61E4F}.Debug|x64.ActiveCfg = Debug|x64
		{8BE529D0-14DA-4E64-9F14-BE847CC61E4F}.Debug|x64.Build.0 = Debug|x64
		{8BE529D0-14DA-4E64-9F14-BE847CC61E4F}.Debug|x86.ActiveCfg = Debug|Win32
		{8BE529D0-14DA-4E64-9F14-BE847CC61E4F}.Debug|x86.Build.0 = Debug|Win32
		{8BE529D0-14DA-4E64-9F14-BE847CC61E4F}.Release|x64.ActiveCfg = Release|x64
		{8BE529D0-14DA-4E64-9F14-BE847CC61E4F}.Release|x64.Build.0 = Release|x64
		{8BE529D0-14DA-4E64-9F14-BE847CC61E4F}.Release|x86.ActiveCfg = Release|Win32
		{8BE529D0-14DA-4E64-9F14-BE847CC61E4F}.Release|x86.Build.0 = Release|Win32
		{A2E38806-E54A-4B7C-9182-ED8A6C70653B}.Debug|x64.ActiveCfg = Debug|x64
		{A2E38806-E54A-4B7C-9182-ED8A6C70653B}.Debug|x64.Build.0 = Debug|x64
		{A2E38806-E54A-4B7C-9182-ED8A6C70653B}.Debug|x86.ActiveCfg = Debug|Win32
		{A2E38806-E54A-4B7C-9182-ED8A6C70653B}.Debug|x86.Build.0 = Debug|Win32
		{A2E38806-E54A-4B7C-9182-ED8A6C70653B}.Release|x64.ActiveCfg = Release|x64
		{A2E38806-E54A-4B7C-9182-ED8A6C70653B}.Release|x64.Build.0 = Release|x64
		{A2E38806-E54A-4B7C-9182-ED8A6C70653B}.Release|x86.ActiveCfg = Release|Win32
		{A2E38806-E54A-4B7C-9182-ED8A6C70653B}.Release|x86.Build.0 = Release|Win32
		{ADC56D69-0A34-4AD7-BE50-7A457DF7AA20}.Debug|x64.ActiveCfg = Debug|x64
		{ADC56D69-0A34-4AD7-BE50-7A457DF7AA20}.Debug|x64.Build.0 = Debug|x64
		{ADC56D69-0A34-4AD7-BE50-7A457DF7AA20}.Debug|x86.ActiveCfg = Debug|Win32
		{ADC56D69-0A34-4AD7-BE50-7A457DF7AA20}.Debug|x86.Build.0 = Debug|Win32
		{ADC56D69-0A34-4AD7-BE50-7A457DF7AA20}.Release|x64.ActiveCfg = Release|x64
		{ADC56D69-0A34-4AD7-BE50-7A457DF7AA20}.Release|x64.Build.0 = Release|x64
		{ADC56D69-0A34-4AD7-BE50-7A457DF7AA20}.Release|x86.ActiveCfg = Release|Win32
		{ADC56D69-0A34-4AD7-BE50-7A457DF7AA20}.Release|x86.Build.0 = Release|Win32
		{11728B1D-7B76-49E3-AA40-E9DB4E9522F1}.Debug|x64.ActiveCfg = Debug|x64
		{11728B1D-7B76-49E3-AA40-E9DB4E9522F1}.Debug|x64.Build.0 = Debug|x64
		{11728B1D-7B76-49E3-AA40-E9DB4E9522F1}.Debug|x86.ActiveCfg = Debug|Win32
		{11728B1D-7B76-49E3-AA40-E9DB4E9522F1}.Debug|x86.Build.0 = Debug|Win32
		{11728B1D-7B76-49E3-AA40-E9DB4E9522F1}.Release|x64.ActiveCfg = Release|x64
		{11728B1D-7B76-49E3-AA40-E9DB4E9522F1}.Release|x64.Build.0 = Release|x64
		{11728B1D-7B76-49E3-AA40-E9DB4E9522F1}.Release|x86.ActiveCfg = Release|Win32
		{11728B1D-7B76-49E3-AA40-E9DB4E9522F1}.Release|x86.Build.0 = Release|Win32
		{418BD14C-6544-4E2C-BFF7-35F5432E1216}.Debug|x64.ActiveCfg = Debug|x64
		{418BD14C-6544-4E2C-BFF7-35F5432E1216}.Debug|x64.Build.0 = Debug|x64
		{418BD14C-6544-4E2C-BFF7-35F5432E1216}.Debug|x86.ActiveCfg = Debug|Win32
		{418BD14C-6544-4E2C-BFF7-35F5432E1216}.Debug|x86.Build.0 = Debug|Win32
		{418BD14C-6544-4E2C-BFF7-35F5432E1216}.Release|x64.ActiveCfg = Release|x64
		{418BD14C-6544-4E2C-BFF7-35F5432E1216}.Release|x64.Build.0 = Release|x64
		{418BD14C-6544-4E2C-BFF7-35F5432E1216}.Release|x86.ActiveCfg = Release|Win32
		{418BD14C-6544-4E2C-BFF7-35F5432E1216}.Release|x86.Build.0 = Release|Win32
	EndGlobalSection
	GlobalSection(SolutionProperties) = preSolution
		HideSolutionNode = FALSE
	EndGlobalSection
EndGlobal
